// !$*UTF8*$!
{
	archiveVersion = 1;
	classes = {
	};
	objectVersion = 51;
	objects = {

/* Begin PBXBuildFile section */
		6859B500C25FBCA464B6ADA3 /* Pods_ArtableAdmin.framework in Frameworks */ = {isa = PBXBuildFile; fileRef = 9BFE7DEF07D8BD7CFEC754D7 /* Pods_ArtableAdmin.framework */; };
		9A6BCB6706A01647DDA1D9A6 /* Pods_Artable.framework in Frameworks */ = {isa = PBXBuildFile; fileRef = 58E944287060229D217D2981 /* Pods_Artable.framework */; };
		DA1A9307234D5AE40021C53C /* AppDelegate.swift in Sources */ = {isa = PBXBuildFile; fileRef = DA1A9306234D5AE40021C53C /* AppDelegate.swift */; };
		DA1A9309234D5AE40021C53C /* SceneDelegate.swift in Sources */ = {isa = PBXBuildFile; fileRef = DA1A9308234D5AE40021C53C /* SceneDelegate.swift */; };
		DA1A930B234D5AE40021C53C /* ViewController.swift in Sources */ = {isa = PBXBuildFile; fileRef = DA1A930A234D5AE40021C53C /* ViewController.swift */; };
		DA1A930E234D5AE40021C53C /* Main.storyboard in Resources */ = {isa = PBXBuildFile; fileRef = DA1A930C234D5AE40021C53C /* Main.storyboard */; };
		DA1A9310234D5AE60021C53C /* Assets.xcassets in Resources */ = {isa = PBXBuildFile; fileRef = DA1A930F234D5AE60021C53C /* Assets.xcassets */; };
		DA1A9313234D5AE60021C53C /* LaunchScreen.storyboard in Resources */ = {isa = PBXBuildFile; fileRef = DA1A9311234D5AE60021C53C /* LaunchScreen.storyboard */; };
		DA1A9321234D5B360021C53C /* AppDelegate.swift in Sources */ = {isa = PBXBuildFile; fileRef = DA1A9320234D5B360021C53C /* AppDelegate.swift */; };
		DA1A9323234D5B360021C53C /* SceneDelegate.swift in Sources */ = {isa = PBXBuildFile; fileRef = DA1A9322234D5B360021C53C /* SceneDelegate.swift */; };
		DA1A9325234D5B360021C53C /* ViewController.swift in Sources */ = {isa = PBXBuildFile; fileRef = DA1A9324234D5B360021C53C /* ViewController.swift */; };
		DA1A9328234D5B360021C53C /* Main.storyboard in Resources */ = {isa = PBXBuildFile; fileRef = DA1A9326234D5B360021C53C /* Main.storyboard */; };
		DA1A932D234D5B370021C53C /* LaunchScreen.storyboard in Resources */ = {isa = PBXBuildFile; fileRef = DA1A932B234D5B370021C53C /* LaunchScreen.storyboard */; };
		DA1A9333234D5B8D0021C53C /* Assets.xcassets in Resources */ = {isa = PBXBuildFile; fileRef = DA1A930F234D5AE60021C53C /* Assets.xcassets */; };
		DA1F75712352A0ED008FF0D3 /* LoginStoryboard.storyboard in Resources */ = {isa = PBXBuildFile; fileRef = DA1F75702352A0ED008FF0D3 /* LoginStoryboard.storyboard */; };
		DA99C0272352CDB9002E9960 /* GoogleService-Info.plist in Resources */ = {isa = PBXBuildFile; fileRef = DA99C0262352CDB9002E9960 /* GoogleService-Info.plist */; };
		DA99C0292352CFC8002E9960 /* GoogleService-Info.plist in Resources */ = {isa = PBXBuildFile; fileRef = DA99C0282352CFC8002E9960 /* GoogleService-Info.plist */; };
		DA99C02F2352D86C002E9960 /* LoginViewController.swift in Sources */ = {isa = PBXBuildFile; fileRef = DA99C02E2352D86C002E9960 /* LoginViewController.swift */; };
		DA99C0322352D889002E9960 /* RegisterViewController.swift in Sources */ = {isa = PBXBuildFile; fileRef = DA99C0312352D889002E9960 /* RegisterViewController.swift */; };
		DA99C0352352E0C3002E9960 /* Extensions.swift in Sources */ = {isa = PBXBuildFile; fileRef = DA99C0342352E0C3002E9960 /* Extensions.swift */; };
		DAE716002361180C00698CFF /* Contants.swift in Sources */ = {isa = PBXBuildFile; fileRef = DAE715FF2361180C00698CFF /* Contants.swift */; };
		DAE71603236119CF00698CFF /* RoundedViews.swift in Sources */ = {isa = PBXBuildFile; fileRef = DAE71602236119CF00698CFF /* RoundedViews.swift */; };
/* End PBXBuildFile section */

/* Begin PBXFileReference section */
		1D1A623539BE1D245DA2A6E9 /* Pods-ArtableAdmin.debug.xcconfig */ = {isa = PBXFileReference; includeInIndex = 1; lastKnownFileType = text.xcconfig; name = "Pods-ArtableAdmin.debug.xcconfig"; path = "Target Support Files/Pods-ArtableAdmin/Pods-ArtableAdmin.debug.xcconfig"; sourceTree = "<group>"; };
		58E944287060229D217D2981 /* Pods_Artable.framework */ = {isa = PBXFileReference; explicitFileType = wrapper.framework; includeInIndex = 0; path = Pods_Artable.framework; sourceTree = BUILT_PRODUCTS_DIR; };
		946C46C1A9F6F7D5AD3E8B67 /* Pods-Artable.debug.xcconfig */ = {isa = PBXFileReference; includeInIndex = 1; lastKnownFileType = text.xcconfig; name = "Pods-Artable.debug.xcconfig"; path = "Target Support Files/Pods-Artable/Pods-Artable.debug.xcconfig"; sourceTree = "<group>"; };
		9BFE7DEF07D8BD7CFEC754D7 /* Pods_ArtableAdmin.framework */ = {isa = PBXFileReference; explicitFileType = wrapper.framework; includeInIndex = 0; path = Pods_ArtableAdmin.framework; sourceTree = BUILT_PRODUCTS_DIR; };
		A37363D91DB62FD2E91C22CA /* Pods-ArtableAdmin.release.xcconfig */ = {isa = PBXFileReference; includeInIndex = 1; lastKnownFileType = text.xcconfig; name = "Pods-ArtableAdmin.release.xcconfig"; path = "Target Support Files/Pods-ArtableAdmin/Pods-ArtableAdmin.release.xcconfig"; sourceTree = "<group>"; };
		D57C5BE12A4CD1B3CD4F78DE /* Pods-Artable.release.xcconfig */ = {isa = PBXFileReference; includeInIndex = 1; lastKnownFileType = text.xcconfig; name = "Pods-Artable.release.xcconfig"; path = "Target Support Files/Pods-Artable/Pods-Artable.release.xcconfig"; sourceTree = "<group>"; };
		DA1A9303234D5AE40021C53C /* Artable.app */ = {isa = PBXFileReference; explicitFileType = wrapper.application; includeInIndex = 0; path = Artable.app; sourceTree = BUILT_PRODUCTS_DIR; };
		DA1A9306234D5AE40021C53C /* AppDelegate.swift */ = {isa = PBXFileReference; lastKnownFileType = sourcecode.swift; path = AppDelegate.swift; sourceTree = "<group>"; };
		DA1A9308234D5AE40021C53C /* SceneDelegate.swift */ = {isa = PBXFileReference; lastKnownFileType = sourcecode.swift; path = SceneDelegate.swift; sourceTree = "<group>"; };
		DA1A930A234D5AE40021C53C /* ViewController.swift */ = {isa = PBXFileReference; lastKnownFileType = sourcecode.swift; path = ViewController.swift; sourceTree = "<group>"; };
		DA1A930D234D5AE40021C53C /* Base */ = {isa = PBXFileReference; lastKnownFileType = file.storyboard; name = Base; path = Base.lproj/Main.storyboard; sourceTree = "<group>"; };
		DA1A930F234D5AE60021C53C /* Assets.xcassets */ = {isa = PBXFileReference; lastKnownFileType = folder.assetcatalog; path = Assets.xcassets; sourceTree = "<group>"; };
		DA1A9312234D5AE60021C53C /* Base */ = {isa = PBXFileReference; lastKnownFileType = file.storyboard; name = Base; path = Base.lproj/LaunchScreen.storyboard; sourceTree = "<group>"; };
		DA1A9314234D5AE60021C53C /* Info.plist */ = {isa = PBXFileReference; lastKnownFileType = text.plist.xml; path = Info.plist; sourceTree = "<group>"; };
		DA1A931E234D5B360021C53C /* ArtableAdmin.app */ = {isa = PBXFileReference; explicitFileType = wrapper.application; includeInIndex = 0; path = ArtableAdmin.app; sourceTree = BUILT_PRODUCTS_DIR; };
		DA1A9320234D5B360021C53C /* AppDelegate.swift */ = {isa = PBXFileReference; lastKnownFileType = sourcecode.swift; path = AppDelegate.swift; sourceTree = "<group>"; };
		DA1A9322234D5B360021C53C /* SceneDelegate.swift */ = {isa = PBXFileReference; lastKnownFileType = sourcecode.swift; path = SceneDelegate.swift; sourceTree = "<group>"; };
		DA1A9324234D5B360021C53C /* ViewController.swift */ = {isa = PBXFileReference; lastKnownFileType = sourcecode.swift; path = ViewController.swift; sourceTree = "<group>"; };
		DA1A9327234D5B360021C53C /* Base */ = {isa = PBXFileReference; lastKnownFileType = file.storyboard; name = Base; path = Base.lproj/Main.storyboard; sourceTree = "<group>"; };
		DA1A932C234D5B370021C53C /* Base */ = {isa = PBXFileReference; lastKnownFileType = file.storyboard; name = Base; path = Base.lproj/LaunchScreen.storyboard; sourceTree = "<group>"; };
		DA1A932E234D5B370021C53C /* Info.plist */ = {isa = PBXFileReference; lastKnownFileType = text.plist.xml; path = Info.plist; sourceTree = "<group>"; };
		DA1F75702352A0ED008FF0D3 /* LoginStoryboard.storyboard */ = {isa = PBXFileReference; lastKnownFileType = file.storyboard; path = LoginStoryboard.storyboard; sourceTree = "<group>"; };
		DA99C0262352CDB9002E9960 /* GoogleService-Info.plist */ = {isa = PBXFileReference; fileEncoding = 4; lastKnownFileType = text.plist.xml; path = "GoogleService-Info.plist"; sourceTree = "<group>"; };
		DA99C0282352CFC8002E9960 /* GoogleService-Info.plist */ = {isa = PBXFileReference; fileEncoding = 4; lastKnownFileType = text.plist.xml; path = "GoogleService-Info.plist"; sourceTree = "<group>"; };
		DA99C02E2352D86C002E9960 /* LoginViewController.swift */ = {isa = PBXFileReference; lastKnownFileType = sourcecode.swift; path = LoginViewController.swift; sourceTree = "<group>"; };
		DA99C0312352D889002E9960 /* RegisterViewController.swift */ = {isa = PBXFileReference; lastKnownFileType = sourcecode.swift; path = RegisterViewController.swift; sourceTree = "<group>"; };
		DA99C0342352E0C3002E9960 /* Extensions.swift */ = {isa = PBXFileReference; lastKnownFileType = sourcecode.swift; path = Extensions.swift; sourceTree = "<group>"; };
		DAE715FF2361180C00698CFF /* Contants.swift */ = {isa = PBXFileReference; lastKnownFileType = sourcecode.swift; path = Contants.swift; sourceTree = "<group>"; };
		DAE71602236119CF00698CFF /* RoundedViews.swift */ = {isa = PBXFileReference; lastKnownFileType = sourcecode.swift; path = RoundedViews.swift; sourceTree = "<group>"; };
/* End PBXFileReference section */

/* Begin PBXFrameworksBuildPhase section */
		DA1A9300234D5AE40021C53C /* Frameworks */ = {
			isa = PBXFrameworksBuildPhase;
			buildActionMask = 2147483647;
			files = (
				9A6BCB6706A01647DDA1D9A6 /* Pods_Artable.framework in Frameworks */,
			);
			runOnlyForDeploymentPostprocessing = 0;
		};
		DA1A931B234D5B360021C53C /* Frameworks */ = {
			isa = PBXFrameworksBuildPhase;
			buildActionMask = 2147483647;
			files = (
				6859B500C25FBCA464B6ADA3 /* Pods_ArtableAdmin.framework in Frameworks */,
			);
			runOnlyForDeploymentPostprocessing = 0;
		};
/* End PBXFrameworksBuildPhase section */

/* Begin PBXGroup section */
		73C7251AACD135A1F0591ECA /* Pods */ = {
			isa = PBXGroup;
			children = (
				946C46C1A9F6F7D5AD3E8B67 /* Pods-Artable.debug.xcconfig */,
				D57C5BE12A4CD1B3CD4F78DE /* Pods-Artable.release.xcconfig */,
				1D1A623539BE1D245DA2A6E9 /* Pods-ArtableAdmin.debug.xcconfig */,
				A37363D91DB62FD2E91C22CA /* Pods-ArtableAdmin.release.xcconfig */,
			);
			path = Pods;
			sourceTree = "<group>";
		};
		C10F4F275642FEFA0C3E5E42 /* Frameworks */ = {
			isa = PBXGroup;
			children = (
				58E944287060229D217D2981 /* Pods_Artable.framework */,
				9BFE7DEF07D8BD7CFEC754D7 /* Pods_ArtableAdmin.framework */,
			);
			name = Frameworks;
			sourceTree = "<group>";
		};
		DA1A92FA234D5AE40021C53C = {
			isa = PBXGroup;
			children = (
				DA1A9332234D5B6B0021C53C /* Shared */,
				DA1A9305234D5AE40021C53C /* Artable */,
				DA1A931F234D5B360021C53C /* ArtableAdmin */,
				DA1A9304234D5AE40021C53C /* Products */,
				73C7251AACD135A1F0591ECA /* Pods */,
				C10F4F275642FEFA0C3E5E42 /* Frameworks */,
			);
			sourceTree = "<group>";
		};
		DA1A9304234D5AE40021C53C /* Products */ = {
			isa = PBXGroup;
			children = (
				DA1A9303234D5AE40021C53C /* Artable.app */,
				DA1A931E234D5B360021C53C /* ArtableAdmin.app */,
			);
			name = Products;
			sourceTree = "<group>";
		};
		DA1A9305234D5AE40021C53C /* Artable */ = {
			isa = PBXGroup;
			children = (
				DA99C02C2352D806002E9960 /* Model */,
				DA99C02A2352D7F5002E9960 /* View */,
				DA99C02B2352D7FF002E9960 /* Controller */,
				DA99C02D2352D81A002E9960 /* Storyboard */,
				DA1A9306234D5AE40021C53C /* AppDelegate.swift */,
				DA1A9308234D5AE40021C53C /* SceneDelegate.swift */,
				DA1A9311234D5AE60021C53C /* LaunchScreen.storyboard */,
				DA1A9314234D5AE60021C53C /* Info.plist */,
				DA99C0262352CDB9002E9960 /* GoogleService-Info.plist */,
			);
			path = Artable;
			sourceTree = "<group>";
		};
		DA1A931F234D5B360021C53C /* ArtableAdmin */ = {
			isa = PBXGroup;
			children = (
				DA1A9320234D5B360021C53C /* AppDelegate.swift */,
				DA1A9322234D5B360021C53C /* SceneDelegate.swift */,
				DA1A9324234D5B360021C53C /* ViewController.swift */,
				DA1A9326234D5B360021C53C /* Main.storyboard */,
				DA1A932B234D5B370021C53C /* LaunchScreen.storyboard */,
				DA1A932E234D5B370021C53C /* Info.plist */,
				DA99C0282352CFC8002E9960 /* GoogleService-Info.plist */,
			);
			path = ArtableAdmin;
			sourceTree = "<group>";
		};
		DA1A9332234D5B6B0021C53C /* Shared */ = {
			isa = PBXGroup;
			children = (
				DAE71601236119BC00698CFF /* View */,
				DA99C0332352E0B2002E9960 /* Utils */,
				DA1A930F234D5AE60021C53C /* Assets.xcassets */,
			);
			path = Shared;
			sourceTree = "<group>";
		};
		DA99C02A2352D7F5002E9960 /* View */ = {
			isa = PBXGroup;
			children = (
			);
			path = View;
			sourceTree = "<group>";
		};
		DA99C02B2352D7FF002E9960 /* Controller */ = {
			isa = PBXGroup;
			children = (
				DA1A930A234D5AE40021C53C /* ViewController.swift */,
				DA99C02E2352D86C002E9960 /* LoginViewController.swift */,
				DA99C0312352D889002E9960 /* RegisterViewController.swift */,
			);
			path = Controller;
			sourceTree = "<group>";
		};
		DA99C02C2352D806002E9960 /* Model */ = {
			isa = PBXGroup;
			children = (
			);
			path = Model;
			sourceTree = "<group>";
		};
		DA99C02D2352D81A002E9960 /* Storyboard */ = {
			isa = PBXGroup;
			children = (
				DA1F75702352A0ED008FF0D3 /* LoginStoryboard.storyboard */,
				DA1A930C234D5AE40021C53C /* Main.storyboard */,
			);
			path = Storyboard;
			sourceTree = "<group>";
		};
		DA99C0332352E0B2002E9960 /* Utils */ = {
			isa = PBXGroup;
			children = (
				DA99C0342352E0C3002E9960 /* Extensions.swift */,
				DAE715FF2361180C00698CFF /* Contants.swift */,
			);
			path = Utils;
			sourceTree = "<group>";
		};
		DAE71601236119BC00698CFF /* View */ = {
			isa = PBXGroup;
			children = (
				DAE71602236119CF00698CFF /* RoundedViews.swift */,
			);
			path = View;
			sourceTree = "<group>";
		};
/* End PBXGroup section */

/* Begin PBXNativeTarget section */
		DA1A9302234D5AE40021C53C /* Artable */ = {
			isa = PBXNativeTarget;
			buildConfigurationList = DA1A9317234D5AE60021C53C /* Build configuration list for PBXNativeTarget "Artable" */;
			buildPhases = (
				21EB5C404A67486E2EED5118 /* [CP] Check Pods Manifest.lock */,
				DA1A92FF234D5AE40021C53C /* Sources */,
				DA1A9300234D5AE40021C53C /* Frameworks */,
				DA1A9301234D5AE40021C53C /* Resources */,
				23A8ACBED717F4E3D3D0E5E5 /* [CP] Embed Pods Frameworks */,
			);
			buildRules = (
			);
			dependencies = (
			);
			name = Artable;
			productName = Artable;
			productReference = DA1A9303234D5AE40021C53C /* Artable.app */;
			productType = "com.apple.product-type.application";
		};
		DA1A931D234D5B360021C53C /* ArtableAdmin */ = {
			isa = PBXNativeTarget;
			buildConfigurationList = DA1A932F234D5B370021C53C /* Build configuration list for PBXNativeTarget "ArtableAdmin" */;
			buildPhases = (
				58F1563B426BDB0699D27A31 /* [CP] Check Pods Manifest.lock */,
				DA1A931A234D5B360021C53C /* Sources */,
				DA1A931B234D5B360021C53C /* Frameworks */,
				DA1A931C234D5B360021C53C /* Resources */,
				B1F4B65B3AFD2BF65D9FE13E /* [CP] Embed Pods Frameworks */,
			);
			buildRules = (
			);
			dependencies = (
			);
			name = ArtableAdmin;
			productName = ArtableAdmin;
			productReference = DA1A931E234D5B360021C53C /* ArtableAdmin.app */;
			productType = "com.apple.product-type.application";
		};
/* End PBXNativeTarget section */

/* Begin PBXProject section */
		DA1A92FB234D5AE40021C53C /* Project object */ = {
			isa = PBXProject;
			attributes = {
				LastSwiftUpdateCheck = 1110;
				LastUpgradeCheck = 1110;
				ORGANIZATIONNAME = "Brendon Bitencourt Braga";
				TargetAttributes = {
					DA1A9302234D5AE40021C53C = {
						CreatedOnToolsVersion = 11.1;
					};
					DA1A931D234D5B360021C53C = {
						CreatedOnToolsVersion = 11.1;
					};
				};
			};
			buildConfigurationList = DA1A92FE234D5AE40021C53C /* Build configuration list for PBXProject "Artable" */;
			compatibilityVersion = "Xcode 9.3";
			developmentRegion = en;
			hasScannedForEncodings = 0;
			knownRegions = (
				en,
				Base,
			);
			mainGroup = DA1A92FA234D5AE40021C53C;
			productRefGroup = DA1A9304234D5AE40021C53C /* Products */;
			projectDirPath = "";
			projectRoot = "";
			targets = (
				DA1A9302234D5AE40021C53C /* Artable */,
				DA1A931D234D5B360021C53C /* ArtableAdmin */,
			);
		};
/* End PBXProject section */

/* Begin PBXResourcesBuildPhase section */
		DA1A9301234D5AE40021C53C /* Resources */ = {
			isa = PBXResourcesBuildPhase;
			buildActionMask = 2147483647;
			files = (
				DA1A9313234D5AE60021C53C /* LaunchScreen.storyboard in Resources */,
				DA1A9310234D5AE60021C53C /* Assets.xcassets in Resources */,
				DA99C0272352CDB9002E9960 /* GoogleService-Info.plist in Resources */,
				DA1A930E234D5AE40021C53C /* Main.storyboard in Resources */,
				DA1F75712352A0ED008FF0D3 /* LoginStoryboard.storyboard in Resources */,
			);
			runOnlyForDeploymentPostprocessing = 0;
		};
		DA1A931C234D5B360021C53C /* Resources */ = {
			isa = PBXResourcesBuildPhase;
			buildActionMask = 2147483647;
			files = (
				DA1A932D234D5B370021C53C /* LaunchScreen.storyboard in Resources */,
				DA99C0292352CFC8002E9960 /* GoogleService-Info.plist in Resources */,
				DA1A9333234D5B8D0021C53C /* Assets.xcassets in Resources */,
				DA1A9328234D5B360021C53C /* Main.storyboard in Resources */,
			);
			runOnlyForDeploymentPostprocessing = 0;
		};
/* End PBXResourcesBuildPhase section */

/* Begin PBXShellScriptBuildPhase section */
		21EB5C404A67486E2EED5118 /* [CP] Check Pods Manifest.lock */ = {
			isa = PBXShellScriptBuildPhase;
			buildActionMask = 2147483647;
			files = (
			);
			inputFileListPaths = (
			);
			inputPaths = (
				"${PODS_PODFILE_DIR_PATH}/Podfile.lock",
				"${PODS_ROOT}/Manifest.lock",
			);
			name = "[CP] Check Pods Manifest.lock";
			outputFileListPaths = (
			);
			outputPaths = (
				"$(DERIVED_FILE_DIR)/Pods-Artable-checkManifestLockResult.txt",
			);
			runOnlyForDeploymentPostprocessing = 0;
			shellPath = /bin/sh;
			shellScript = "diff \"${PODS_PODFILE_DIR_PATH}/Podfile.lock\" \"${PODS_ROOT}/Manifest.lock\" > /dev/null\nif [ $? != 0 ] ; then\n    # print error to STDERR\n    echo \"error: The sandbox is not in sync with the Podfile.lock. Run 'pod install' or update your CocoaPods installation.\" >&2\n    exit 1\nfi\n# This output is used by Xcode 'outputs' to avoid re-running this script phase.\necho \"SUCCESS\" > \"${SCRIPT_OUTPUT_FILE_0}\"\n";
			showEnvVarsInLog = 0;
		};
		23A8ACBED717F4E3D3D0E5E5 /* [CP] Embed Pods Frameworks */ = {
			isa = PBXShellScriptBuildPhase;
			buildActionMask = 2147483647;
			files = (
			);
			inputFileListPaths = (
				"${PODS_ROOT}/Target Support Files/Pods-Artable/Pods-Artable-frameworks-${CONFIGURATION}-input-files.xcfilelist",
			);
			name = "[CP] Embed Pods Frameworks";
			outputFileListPaths = (
				"${PODS_ROOT}/Target Support Files/Pods-Artable/Pods-Artable-frameworks-${CONFIGURATION}-output-files.xcfilelist",
			);
			runOnlyForDeploymentPostprocessing = 0;
			shellPath = /bin/sh;
			shellScript = "\"${PODS_ROOT}/Target Support Files/Pods-Artable/Pods-Artable-frameworks.sh\"\n";
			showEnvVarsInLog = 0;
		};
		58F1563B426BDB0699D27A31 /* [CP] Check Pods Manifest.lock */ = {
			isa = PBXShellScriptBuildPhase;
			buildActionMask = 2147483647;
			files = (
			);
			inputFileListPaths = (
			);
			inputPaths = (
				"${PODS_PODFILE_DIR_PATH}/Podfile.lock",
				"${PODS_ROOT}/Manifest.lock",
			);
			name = "[CP] Check Pods Manifest.lock";
			outputFileListPaths = (
			);
			outputPaths = (
				"$(DERIVED_FILE_DIR)/Pods-ArtableAdmin-checkManifestLockResult.txt",
			);
			runOnlyForDeploymentPostprocessing = 0;
			shellPath = /bin/sh;
			shellScript = "diff \"${PODS_PODFILE_DIR_PATH}/Podfile.lock\" \"${PODS_ROOT}/Manifest.lock\" > /dev/null\nif [ $? != 0 ] ; then\n    # print error to STDERR\n    echo \"error: The sandbox is not in sync with the Podfile.lock. Run 'pod install' or update your CocoaPods installation.\" >&2\n    exit 1\nfi\n# This output is used by Xcode 'outputs' to avoid re-running this script phase.\necho \"SUCCESS\" > \"${SCRIPT_OUTPUT_FILE_0}\"\n";
			showEnvVarsInLog = 0;
		};
		B1F4B65B3AFD2BF65D9FE13E /* [CP] Embed Pods Frameworks */ = {
			isa = PBXShellScriptBuildPhase;
			buildActionMask = 2147483647;
			files = (
			);
			inputFileListPaths = (
				"${PODS_ROOT}/Target Support Files/Pods-ArtableAdmin/Pods-ArtableAdmin-frameworks-${CONFIGURATION}-input-files.xcfilelist",
			);
			name = "[CP] Embed Pods Frameworks";
			outputFileListPaths = (
				"${PODS_ROOT}/Target Support Files/Pods-ArtableAdmin/Pods-ArtableAdmin-frameworks-${CONFIGURATION}-output-files.xcfilelist",
			);
			runOnlyForDeploymentPostprocessing = 0;
			shellPath = /bin/sh;
			shellScript = "\"${PODS_ROOT}/Target Support Files/Pods-ArtableAdmin/Pods-ArtableAdmin-frameworks.sh\"\n";
			showEnvVarsInLog = 0;
		};
/* End PBXShellScriptBuildPhase section */

/* Begin PBXSourcesBuildPhase section */
		DA1A92FF234D5AE40021C53C /* Sources */ = {
			isa = PBXSourcesBuildPhase;
			buildActionMask = 2147483647;
			files = (
				DA99C02F2352D86C002E9960 /* LoginViewController.swift in Sources */,
				DA99C0322352D889002E9960 /* RegisterViewController.swift in Sources */,
				DA99C0352352E0C3002E9960 /* Extensions.swift in Sources */,
				DAE716002361180C00698CFF /* Contants.swift in Sources */,
				DAE71603236119CF00698CFF /* RoundedViews.swift in Sources */,
				DA1A930B234D5AE40021C53C /* ViewController.swift in Sources */,
				DA1A9307234D5AE40021C53C /* AppDelegate.swift in Sources */,
				DA1A9309234D5AE40021C53C /* SceneDelegate.swift in Sources */,
			);
			runOnlyForDeploymentPostprocessing = 0;
		};
		DA1A931A234D5B360021C53C /* Sources */ = {
			isa = PBXSourcesBuildPhase;
			buildActionMask = 2147483647;
			files = (
				DA1A9325234D5B360021C53C /* ViewController.swift in Sources */,
				DA1A9321234D5B360021C53C /* AppDelegate.swift in Sources */,
				DA1A9323234D5B360021C53C /* SceneDelegate.swift in Sources */,
			);
			runOnlyForDeploymentPostprocessing = 0;
		};
/* End PBXSourcesBuildPhase section */

/* Begin PBXVariantGroup section */
		DA1A930C234D5AE40021C53C /* Main.storyboard */ = {
			isa = PBXVariantGroup;
			children = (
				DA1A930D234D5AE40021C53C /* Base */,
			);
			name = Main.storyboard;
			sourceTree = "<group>";
		};
		DA1A9311234D5AE60021C53C /* LaunchScreen.storyboard */ = {
			isa = PBXVariantGroup;
			children = (
				DA1A9312234D5AE60021C53C /* Base */,
			);
			name = LaunchScreen.storyboard;
			sourceTree = "<group>";
		};
		DA1A9326234D5B360021C53C /* Main.storyboard */ = {
			isa = PBXVariantGroup;
			children = (
				DA1A9327234D5B360021C53C /* Base */,
			);
			name = Main.storyboard;
			sourceTree = "<group>";
		};
		DA1A932B234D5B370021C53C /* LaunchScreen.storyboard */ = {
			isa = PBXVariantGroup;
			children = (
				DA1A932C234D5B370021C53C /* Base */,
			);
			name = LaunchScreen.storyboard;
			sourceTree = "<group>";
		};
/* End PBXVariantGroup section */

/* Begin XCBuildConfiguration section */
		DA1A9315234D5AE60021C53C /* Debug */ = {
			isa = XCBuildConfiguration;
			buildSettings = {
				ALWAYS_SEARCH_USER_PATHS = NO;
				CLANG_ANALYZER_NONNULL = YES;
				CLANG_ANALYZER_NUMBER_OBJECT_CONVERSION = YES_AGGRESSIVE;
				CLANG_CXX_LANGUAGE_STANDARD = "gnu++14";
				CLANG_CXX_LIBRARY = "libc++";
				CLANG_ENABLE_MODULES = YES;
				CLANG_ENABLE_OBJC_ARC = YES;
				CLANG_ENABLE_OBJC_WEAK = YES;
				CLANG_WARN_BLOCK_CAPTURE_AUTORELEASING = YES;
				CLANG_WARN_BOOL_CONVERSION = YES;
				CLANG_WARN_COMMA = YES;
				CLANG_WARN_CONSTANT_CONVERSION = YES;
				CLANG_WARN_DEPRECATED_OBJC_IMPLEMENTATIONS = YES;
				CLANG_WARN_DIRECT_OBJC_ISA_USAGE = YES_ERROR;
				CLANG_WARN_DOCUMENTATION_COMMENTS = YES;
				CLANG_WARN_EMPTY_BODY = YES;
				CLANG_WARN_ENUM_CONVERSION = YES;
				CLANG_WARN_INFINITE_RECURSION = YES;
				CLANG_WARN_INT_CONVERSION = YES;
				CLANG_WARN_NON_LITERAL_NULL_CONVERSION = YES;
				CLANG_WARN_OBJC_IMPLICIT_RETAIN_SELF = YES;
				CLANG_WARN_OBJC_LITERAL_CONVERSION = YES;
				CLANG_WARN_OBJC_ROOT_CLASS = YES_ERROR;
				CLANG_WARN_RANGE_LOOP_ANALYSIS = YES;
				CLANG_WARN_STRICT_PROTOTYPES = YES;
				CLANG_WARN_SUSPICIOUS_MOVE = YES;
				CLANG_WARN_UNGUARDED_AVAILABILITY = YES_AGGRESSIVE;
				CLANG_WARN_UNREACHABLE_CODE = YES;
				CLANG_WARN__DUPLICATE_METHOD_MATCH = YES;
				COPY_PHASE_STRIP = NO;
				DEBUG_INFORMATION_FORMAT = dwarf;
				ENABLE_STRICT_OBJC_MSGSEND = YES;
				ENABLE_TESTABILITY = YES;
				GCC_C_LANGUAGE_STANDARD = gnu11;
				GCC_DYNAMIC_NO_PIC = NO;
				GCC_NO_COMMON_BLOCKS = YES;
				GCC_OPTIMIZATION_LEVEL = 0;
				GCC_PREPROCESSOR_DEFINITIONS = (
					"DEBUG=1",
					"$(inherited)",
				);
				GCC_WARN_64_TO_32_BIT_CONVERSION = YES;
				GCC_WARN_ABOUT_RETURN_TYPE = YES_ERROR;
				GCC_WARN_UNDECLARED_SELECTOR = YES;
				GCC_WARN_UNINITIALIZED_AUTOS = YES_AGGRESSIVE;
				GCC_WARN_UNUSED_FUNCTION = YES;
				GCC_WARN_UNUSED_VARIABLE = YES;
				IPHONEOS_DEPLOYMENT_TARGET = 13.1;
				MTL_ENABLE_DEBUG_INFO = INCLUDE_SOURCE;
				MTL_FAST_MATH = YES;
				ONLY_ACTIVE_ARCH = YES;
				SDKROOT = iphoneos;
				SWIFT_ACTIVE_COMPILATION_CONDITIONS = DEBUG;
				SWIFT_OPTIMIZATION_LEVEL = "-Onone";
			};
			name = Debug;
		};
		DA1A9316234D5AE60021C53C /* Release */ = {
			isa = XCBuildConfiguration;
			buildSettings = {
				ALWAYS_SEARCH_USER_PATHS = NO;
				CLANG_ANALYZER_NONNULL = YES;
				CLANG_ANALYZER_NUMBER_OBJECT_CONVERSION = YES_AGGRESSIVE;
				CLANG_CXX_LANGUAGE_STANDARD = "gnu++14";
				CLANG_CXX_LIBRARY = "libc++";
				CLANG_ENABLE_MODULES = YES;
				CLANG_ENABLE_OBJC_ARC = YES;
				CLANG_ENABLE_OBJC_WEAK = YES;
				CLANG_WARN_BLOCK_CAPTURE_AUTORELEASING = YES;
				CLANG_WARN_BOOL_CONVERSION = YES;
				CLANG_WARN_COMMA = YES;
				CLANG_WARN_CONSTANT_CONVERSION = YES;
				CLANG_WARN_DEPRECATED_OBJC_IMPLEMENTATIONS = YES;
				CLANG_WARN_DIRECT_OBJC_ISA_USAGE = YES_ERROR;
				CLANG_WARN_DOCUMENTATION_COMMENTS = YES;
				CLANG_WARN_EMPTY_BODY = YES;
				CLANG_WARN_ENUM_CONVERSION = YES;
				CLANG_WARN_INFINITE_RECURSION = YES;
				CLANG_WARN_INT_CONVERSION = YES;
				CLANG_WARN_NON_LITERAL_NULL_CONVERSION = YES;
				CLANG_WARN_OBJC_IMPLICIT_RETAIN_SELF = YES;
				CLANG_WARN_OBJC_LITERAL_CONVERSION = YES;
				CLANG_WARN_OBJC_ROOT_CLASS = YES_ERROR;
				CLANG_WARN_RANGE_LOOP_ANALYSIS = YES;
				CLANG_WARN_STRICT_PROTOTYPES = YES;
				CLANG_WARN_SUSPICIOUS_MOVE = YES;
				CLANG_WARN_UNGUARDED_AVAILABILITY = YES_AGGRESSIVE;
				CLANG_WARN_UNREACHABLE_CODE = YES;
				CLANG_WARN__DUPLICATE_METHOD_MATCH = YES;
				COPY_PHASE_STRIP = NO;
				DEBUG_INFORMATION_FORMAT = "dwarf-with-dsym";
				ENABLE_NS_ASSERTIONS = NO;
				ENABLE_STRICT_OBJC_MSGSEND = YES;
				GCC_C_LANGUAGE_STANDARD = gnu11;
				GCC_NO_COMMON_BLOCKS = YES;
				GCC_WARN_64_TO_32_BIT_CONVERSION = YES;
				GCC_WARN_ABOUT_RETURN_TYPE = YES_ERROR;
				GCC_WARN_UNDECLARED_SELECTOR = YES;
				GCC_WARN_UNINITIALIZED_AUTOS = YES_AGGRESSIVE;
				GCC_WARN_UNUSED_FUNCTION = YES;
				GCC_WARN_UNUSED_VARIABLE = YES;
				IPHONEOS_DEPLOYMENT_TARGET = 13.1;
				MTL_ENABLE_DEBUG_INFO = NO;
				MTL_FAST_MATH = YES;
				SDKROOT = iphoneos;
				SWIFT_COMPILATION_MODE = wholemodule;
				SWIFT_OPTIMIZATION_LEVEL = "-O";
				VALIDATE_PRODUCT = YES;
			};
			name = Release;
		};
		DA1A9318234D5AE60021C53C /* Debug */ = {
			isa = XCBuildConfiguration;
			baseConfigurationReference = 946C46C1A9F6F7D5AD3E8B67 /* Pods-Artable.debug.xcconfig */;
			buildSettings = {
				ASSETCATALOG_COMPILER_APPICON_NAME = AppIcon;
				CODE_SIGN_STYLE = Automatic;
				DEVELOPMENT_TEAM = R3CKR2Q8L8;
				INFOPLIST_FILE = Artable/Info.plist;
				LD_RUNPATH_SEARCH_PATHS = (
					"$(inherited)",
					"@executable_path/Frameworks",
				);
				PRODUCT_BUNDLE_IDENTIFIER = br.com.brendonbitencourt.Artable;
				PRODUCT_NAME = "$(TARGET_NAME)";
				SWIFT_VERSION = 5.0;
				TARGETED_DEVICE_FAMILY = "1,2";
			};
			name = Debug;
		};
		DA1A9319234D5AE60021C53C /* Release */ = {
			isa = XCBuildConfiguration;
			baseConfigurationReference = D57C5BE12A4CD1B3CD4F78DE /* Pods-Artable.release.xcconfig */;
			buildSettings = {
				ASSETCATALOG_COMPILER_APPICON_NAME = AppIcon;
				CODE_SIGN_STYLE = Automatic;
				DEVELOPMENT_TEAM = R3CKR2Q8L8;
				INFOPLIST_FILE = Artable/Info.plist;
				LD_RUNPATH_SEARCH_PATHS = (
					"$(inherited)",
					"@executable_path/Frameworks",
				);
				PRODUCT_BUNDLE_IDENTIFIER = br.com.brendonbitencourt.Artable;
				PRODUCT_NAME = "$(TARGET_NAME)";
				SWIFT_VERSION = 5.0;
				TARGETED_DEVICE_FAMILY = "1,2";
			};
			name = Release;
		};
		DA1A9330234D5B370021C53C /* Debug */ = {
			isa = XCBuildConfiguration;
			baseConfigurationReference = 1D1A623539BE1D245DA2A6E9 /* Pods-ArtableAdmin.debug.xcconfig */;
			buildSettings = {
				ASSETCATALOG_COMPILER_APPICON_NAME = AppIcon;
				CODE_SIGN_STYLE = Automatic;
				DEVELOPMENT_TEAM = R3CKR2Q8L8;
				INFOPLIST_FILE = ArtableAdmin/Info.plist;
				LD_RUNPATH_SEARCH_PATHS = (
					"$(inherited)",
					"@executable_path/Frameworks",
				);
				PRODUCT_BUNDLE_IDENTIFIER = br.com.brendonbitencourt.ArtableAdmin;
				PRODUCT_NAME = "$(TARGET_NAME)";
				SWIFT_VERSION = 5.0;
				TARGETED_DEVICE_FAMILY = "1,2";
			};
			name = Debug;
		};
		DA1A9331234D5B370021C53C /* Release */ = {
			isa = XCBuildConfiguration;
			baseConfigurationReference = A37363D91DB62FD2E91C22CA /* Pods-ArtableAdmin.release.xcconfig */;
			buildSettings = {
				ASSETCATALOG_COMPILER_APPICON_NAME = AppIcon;
				CODE_SIGN_STYLE = Automatic;
				DEVELOPMENT_TEAM = R3CKR2Q8L8;
				INFOPLIST_FILE = ArtableAdmin/Info.plist;
				LD_RUNPATH_SEARCH_PATHS = (
					"$(inherited)",
					"@executable_path/Frameworks",
				);
				PRODUCT_BUNDLE_IDENTIFIER = br.com.brendonbitencourt.ArtableAdmin;
				PRODUCT_NAME = "$(TARGET_NAME)";
				SWIFT_VERSION = 5.0;
				TARGETED_DEVICE_FAMILY = "1,2";
			};
			name = Release;
		};
/* End XCBuildConfiguration section */

/* Begin XCConfigurationList section */
		DA1A92FE234D5AE40021C53C /* Build configuration list for PBXProject "Artable" */ = {
			isa = XCConfigurationList;
			buildConfigurations = (
				DA1A9315234D5AE60021C53C /* Debug */,
				DA1A9316234D5AE60021C53C /* Release */,
			);
			defaultConfigurationIsVisible = 0;
			defaultConfigurationName = Release;
		};
		DA1A9317234D5AE60021C53C /* Build configuration list for PBXNativeTarget "Artable" */ = {
			isa = XCConfigurationList;
			buildConfigurations = (
				DA1A9318234D5AE60021C53C /* Debug */,
				DA1A9319234D5AE60021C53C /* Release */,
			);
			defaultConfigurationIsVisible = 0;
			defaultConfigurationName = Release;
		};
		DA1A932F234D5B370021C53C /* Build configuration list for PBXNativeTarget "ArtableAdmin" */ = {
			isa = XCConfigurationList;
			buildConfigurations = (
				DA1A9330234D5B370021C53C /* Debug */,
				DA1A9331234D5B370021C53C /* Release */,
			);
			defaultConfigurationIsVisible = 0;
			defaultConfigurationName = Release;
		};
/* End XCConfigurationList section */
	};
	rootObject = DA1A92FB234D5AE40021C53C /* Project object */;
}
